
Microsoft Visual Studio Solution File, Format Version 12.00
# Visual Studio Version 16
VisualStudioVersion = 16.0.29519.87
MinimumVisualStudioVersion = 10.0.40219.1
Project("{9A19103F-16F7-4668-BE54-9A1E7A4F7556}") = "ClearBank.DeveloperTest.Tests", "ClearBank.DeveloperTest.Tests\ClearBank.DeveloperTest.Tests.csproj", "{A3CA1845-E8EC-4B29-8E5C-F1E69CF73F25}"
EndProject
Project("{9A19103F-16F7-4668-BE54-9A1E7A4F7556}") = "ClearBank.Domain", "ClearBank.Domain\ClearBank.Domain.csproj", "{D38CAB96-07C6-4293-881C-46C8C68549E8}"
EndProject
Project("{9A19103F-16F7-4668-BE54-9A1E7A4F7556}") = "ClearBank.Infrastructure", "ClearBank.Infrastructure\ClearBank.Infrastructure.csproj", "{10564C99-1DC6-4745-AC10-47CDC13A50E6}"
EndProject
Project("{9A19103F-16F7-4668-BE54-9A1E7A4F7556}") = "ClearBank.App", "ClearBank.App\ClearBank.App.csproj", "{587BBAF2-0FF3-4492-AA85-9D96B36C5FF2}"
EndProject
Global
	GlobalSection(SolutionConfigurationPlatforms) = preSolution
		Debug|Any CPU = Debug|Any CPU
		Release|Any CPU = Release|Any CPU
	EndGlobalSection
	GlobalSection(ProjectConfigurationPlatforms) = postSolution
		{A3CA1845-E8EC-4B29-8E5C-F1E69CF73F25}.Debug|Any CPU.ActiveCfg = Debug|Any CPU
		{A3CA1845-E8EC-4B29-8E5C-F1E69CF73F25}.Debug|Any CPU.Build.0 = Debug|Any CPU
		{A3CA1845-E8EC-4B29-8E5C-F1E69CF73F25}.Release|Any CPU.ActiveCfg = Release|Any CPU
		{A3CA1845-E8EC-4B29-8E5C-F1E69CF73F25}.Release|Any CPU.Build.0 = Release|Any CPU
		{D38CAB96-07C6-4293-881C-46C8C68549E8}.Debug|Any CPU.ActiveCfg = Debug|Any CPU
		{D38CAB96-07C6-4293-881C-46C8C68549E8}.Debug|Any CPU.Build.0 = Debug|Any CPU
		{D38CAB96-07C6-4293-881C-46C8C68549E8}.Release|Any CPU.ActiveCfg = Release|Any CPU
		{D38CAB96-07C6-4293-881C-46C8C68549E8}.Release|Any CPU.Build.0 = Release|Any CPU
		{10564C99-1DC6-4745-AC10-47CDC13A50E6}.Debug|Any CPU.ActiveCfg = Debug|Any CPU
		{10564C99-1DC6-4745-AC10-47CDC13A50E6}.Debug|Any CPU.Build.0 = Debug|Any CPU
		{10564C99-1DC6-4745-AC10-47CDC13A50E6}.Release|Any CPU.ActiveCfg = Release|Any CPU
		{10564C99-1DC6-4745-AC10-47CDC13A50E6}.Release|Any CPU.Build.0 = Release|Any CPU
		{587BBAF2-0FF3-4492-AA85-9D96B36C5FF2}.Debug|Any CPU.ActiveCfg = Debug|Any CPU
		{587BBAF2-0FF3-4492-AA85-9D96B36C5FF2}.Debug|Any CPU.Build.0 = Debug|Any CPU
		{587BBAF2-0FF3-4492-AA85-9D96B36C5FF2}.Release|Any CPU.ActiveCfg = Release|Any CPU
		{587BBAF2-0FF3-4492-AA85-9D96B36C5FF2}.Release|Any CPU.Build.0 = Release|Any CPU
	EndGlobalSection
	GlobalSection(SolutionProperties) = preSolution
		HideSolutionNode = FALSE
	EndGlobalSection
	GlobalSection(ExtensibilityGlobals) = postSolution
		SolutionGuid = {5397597A-6C99-4A83-8A1B-0AD8A838D1EE}
	EndGlobalSection
EndGlobal
